
Microsoft Visual Studio Solution File, Format Version 12.00
# Visual Studio Version 17
VisualStudioVersion = 17.7.34018.315
MinimumVisualStudioVersion = 10.0.40219.1
Project("{8BC9CEB8-8B4A-11D0-8D11-00A0C91BC942}") = "LAB6", "LAB6.vcxproj", "{51245E11-BA1B-4DCC-A6A3-13C810D38331}"
EndProject
Global
	GlobalSection(SolutionConfigurationPlatforms) = preSolution
		Debug|x64 = Debug|x64
		Debug|x86 = Debug|x86
		Release|x64 = Release|x64
		Release|x86 = Release|x86
	EndGlobalSection
	GlobalSection(ProjectConfigurationPlatforms) = postSolution
		{51245E11-BA1B-4DCC-A6A3-13C810D38331}.Debug|x64.ActiveCfg = Debug|x64
		{51245E11-BA1B-4DCC-A6A3-13C810D38331}.Debug|x64.Build.0 = Debug|x64
		{51245E11-BA1B-4DCC-A6A3-13C810D38331}.Debug|x86.ActiveCfg = Debug|Win32
		{51245E11-BA1B-4DCC-A6A3-13C810D38331}.Debug|x86.Build.0 = Debug|Win32
		{51245E11-BA1B-4DCC-A6A3-13C810D38331}.Release|x64.ActiveCfg = Release|x64
		{51245E11-BA1B-4DCC-A6A3-13C810D38331}.Release|x64.Build.0 = Release|x64
		{51245E11-BA1B-4DCC-A6A3-13C810D38331}.Release|x86.ActiveCfg = Release|Win32
		{51245E11-BA1B-4DCC-A6A3-13C810D38331}.Release|x86.Build.0 = Release|Win32
	EndGlobalSection
	GlobalSection(SolutionProperties) = preSolution
		HideSolutionNode = FALSE
	EndGlobalSection
	GlobalSection(ExtensibilityGlobals) = postSolution
		SolutionGuid = {A653B077-127C-481F-B094-920C2B9FA04F}
	EndGlobalSection
EndGlobal
